// !$*UTF8*$!
{
	archiveVersion = 1;
	classes = {
	};
	objectVersion = 48;
	objects = {

/* Begin PBXBuildFile section */
		4157613C3DFFC913AFF81B33 /* Pods_StackOverflowQuestions.framework in Frameworks */ = {isa = PBXBuildFile; fileRef = EAEAA1FB3E11C4FE6E1C47C9 /* Pods_StackOverflowQuestions.framework */; };
		777EA0FD2011B523000A51D6 /* SOAppDelegate.swift in Sources */ = {isa = PBXBuildFile; fileRef = 777EA0FC2011B523000A51D6 /* SOAppDelegate.swift */; };
		777EA1042011B523000A51D6 /* Assets.xcassets in Resources */ = {isa = PBXBuildFile; fileRef = 777EA1032011B523000A51D6 /* Assets.xcassets */; };
		777EA1072011B523000A51D6 /* LaunchScreen.storyboard in Resources */ = {isa = PBXBuildFile; fileRef = 777EA1052011B523000A51D6 /* LaunchScreen.storyboard */; };
		777EA1122011B7F3000A51D6 /* SONavigationController.swift in Sources */ = {isa = PBXBuildFile; fileRef = 777EA1112011B7F3000A51D6 /* SONavigationController.swift */; };
		777EA1192011B898000A51D6 /* SOQuestionsViewController.swift in Sources */ = {isa = PBXBuildFile; fileRef = 777EA1172011B898000A51D6 /* SOQuestionsViewController.swift */; };
		777EA11A2011B898000A51D6 /* SOQuestionsViewController.xib in Resources */ = {isa = PBXBuildFile; fileRef = 777EA1182011B898000A51D6 /* SOQuestionsViewController.xib */; };
		777EA11D2011BD8F000A51D6 /* SOQuestionsCollectionView.swift in Sources */ = {isa = PBXBuildFile; fileRef = 777EA11C2011BD8F000A51D6 /* SOQuestionsCollectionView.swift */; };
		777EA1212011BE2F000A51D6 /* SOQuestionCollectionViewCell.swift in Sources */ = {isa = PBXBuildFile; fileRef = 777EA11F2011BE2F000A51D6 /* SOQuestionCollectionViewCell.swift */; };
		777EA1222011BE2F000A51D6 /* SOQuestionCollectionViewCell.xib in Resources */ = {isa = PBXBuildFile; fileRef = 777EA1202011BE2F000A51D6 /* SOQuestionCollectionViewCell.xib */; };
		777EA1242011C7CC000A51D6 /* SOQuestionsResponse.swift in Sources */ = {isa = PBXBuildFile; fileRef = 777EA1232011C7CC000A51D6 /* SOQuestionsResponse.swift */; };
		777EA1262011C837000A51D6 /* SOQuestion.swift in Sources */ = {isa = PBXBuildFile; fileRef = 777EA1252011C837000A51D6 /* SOQuestion.swift */; };
		777EA1282011C9E0000A51D6 /* SOQuestionOwner.swift in Sources */ = {isa = PBXBuildFile; fileRef = 777EA1272011C9E0000A51D6 /* SOQuestionOwner.swift */; };
		777EA12A2011CA8C000A51D6 /* SOService.swift in Sources */ = {isa = PBXBuildFile; fileRef = 777EA1292011CA8C000A51D6 /* SOService.swift */; };
		777EA12C2011CB18000A51D6 /* Podfile in Resources */ = {isa = PBXBuildFile; fileRef = 777EA12B2011CB18000A51D6 /* Podfile */; };
		777EA12E20125454000A51D6 /* StringExtensions.swift in Sources */ = {isa = PBXBuildFile; fileRef = 777EA12D20125454000A51D6 /* StringExtensions.swift */; };
/* End PBXBuildFile section */

/* Begin PBXFileReference section */
		2FEBB04FA9F7C04BB6D2E4D6 /* Pods-StackOverflowQuestions.debug.xcconfig */ = {isa = PBXFileReference; includeInIndex = 1; lastKnownFileType = text.xcconfig; name = "Pods-StackOverflowQuestions.debug.xcconfig"; path = "Pods/Target Support Files/Pods-StackOverflowQuestions/Pods-StackOverflowQuestions.debug.xcconfig"; sourceTree = "<group>"; };
		777EA0F92011B523000A51D6 /* StackOverflowQuestions.app */ = {isa = PBXFileReference; explicitFileType = wrapper.application; includeInIndex = 0; path = StackOverflowQuestions.app; sourceTree = BUILT_PRODUCTS_DIR; };
		777EA0FC2011B523000A51D6 /* SOAppDelegate.swift */ = {isa = PBXFileReference; lastKnownFileType = sourcecode.swift; path = SOAppDelegate.swift; sourceTree = "<group>"; };
		777EA1032011B523000A51D6 /* Assets.xcassets */ = {isa = PBXFileReference; lastKnownFileType = folder.assetcatalog; path = Assets.xcassets; sourceTree = "<group>"; };
		777EA1062011B523000A51D6 /* Base */ = {isa = PBXFileReference; lastKnownFileType = file.storyboard; name = Base; path = Base.lproj/LaunchScreen.storyboard; sourceTree = "<group>"; };
		777EA1082011B523000A51D6 /* Info.plist */ = {isa = PBXFileReference; lastKnownFileType = text.plist.xml; path = Info.plist; sourceTree = "<group>"; };
		777EA1112011B7F3000A51D6 /* SONavigationController.swift */ = {isa = PBXFileReference; lastKnownFileType = sourcecode.swift; path = SONavigationController.swift; sourceTree = "<group>"; };
		777EA1172011B898000A51D6 /* SOQuestionsViewController.swift */ = {isa = PBXFileReference; lastKnownFileType = sourcecode.swift; path = SOQuestionsViewController.swift; sourceTree = "<group>"; };
		777EA1182011B898000A51D6 /* SOQuestionsViewController.xib */ = {isa = PBXFileReference; lastKnownFileType = file.xib; path = SOQuestionsViewController.xib; sourceTree = "<group>"; };
		777EA11C2011BD8F000A51D6 /* SOQuestionsCollectionView.swift */ = {isa = PBXFileReference; lastKnownFileType = sourcecode.swift; path = SOQuestionsCollectionView.swift; sourceTree = "<group>"; };
		777EA11F2011BE2F000A51D6 /* SOQuestionCollectionViewCell.swift */ = {isa = PBXFileReference; lastKnownFileType = sourcecode.swift; path = SOQuestionCollectionViewCell.swift; sourceTree = "<group>"; };
		777EA1202011BE2F000A51D6 /* SOQuestionCollectionViewCell.xib */ = {isa = PBXFileReference; lastKnownFileType = file.xib; path = SOQuestionCollectionViewCell.xib; sourceTree = "<group>"; };
		777EA1232011C7CC000A51D6 /* SOQuestionsResponse.swift */ = {isa = PBXFileReference; lastKnownFileType = sourcecode.swift; path = SOQuestionsResponse.swift; sourceTree = "<group>"; };
		777EA1252011C837000A51D6 /* SOQuestion.swift */ = {isa = PBXFileReference; lastKnownFileType = sourcecode.swift; path = SOQuestion.swift; sourceTree = "<group>"; };
		777EA1272011C9E0000A51D6 /* SOQuestionOwner.swift */ = {isa = PBXFileReference; lastKnownFileType = sourcecode.swift; path = SOQuestionOwner.swift; sourceTree = "<group>"; };
		777EA1292011CA8C000A51D6 /* SOService.swift */ = {isa = PBXFileReference; lastKnownFileType = sourcecode.swift; path = SOService.swift; sourceTree = "<group>"; };
		777EA12B2011CB18000A51D6 /* Podfile */ = {isa = PBXFileReference; lastKnownFileType = text; path = Podfile; sourceTree = "<group>"; };
		777EA12D20125454000A51D6 /* StringExtensions.swift */ = {isa = PBXFileReference; lastKnownFileType = sourcecode.swift; path = StringExtensions.swift; sourceTree = "<group>"; };
		CC714B7304EFAA4A98F17BEA /* Pods-StackOverflowQuestions.release.xcconfig */ = {isa = PBXFileReference; includeInIndex = 1; lastKnownFileType = text.xcconfig; name = "Pods-StackOverflowQuestions.release.xcconfig"; path = "Pods/Target Support Files/Pods-StackOverflowQuestions/Pods-StackOverflowQuestions.release.xcconfig"; sourceTree = "<group>"; };
		EAEAA1FB3E11C4FE6E1C47C9 /* Pods_StackOverflowQuestions.framework */ = {isa = PBXFileReference; explicitFileType = wrapper.framework; includeInIndex = 0; path = Pods_StackOverflowQuestions.framework; sourceTree = BUILT_PRODUCTS_DIR; };
/* End PBXFileReference section */

/* Begin PBXFrameworksBuildPhase section */
		777EA0F62011B523000A51D6 /* Frameworks */ = {
			isa = PBXFrameworksBuildPhase;
			buildActionMask = 2147483647;
			files = (
				4157613C3DFFC913AFF81B33 /* Pods_StackOverflowQuestions.framework in Frameworks */,
			);
			runOnlyForDeploymentPostprocessing = 0;
		};
/* End PBXFrameworksBuildPhase section */

/* Begin PBXGroup section */
		309BD9B4AA22149D0AE58E32 /* Frameworks */ = {
			isa = PBXGroup;
			children = (
				EAEAA1FB3E11C4FE6E1C47C9 /* Pods_StackOverflowQuestions.framework */,
			);
			name = Frameworks;
			sourceTree = "<group>";
		};
		777EA0F02011B523000A51D6 = {
			isa = PBXGroup;
			children = (
				777EA12B2011CB18000A51D6 /* Podfile */,
				777EA0FB2011B523000A51D6 /* StackOverflowQuestions */,
				777EA0FA2011B523000A51D6 /* Products */,
				A3BEFB663AF1613085A3BEA1 /* Pods */,
				309BD9B4AA22149D0AE58E32 /* Frameworks */,
			);
			sourceTree = "<group>";
		};
		777EA0FA2011B523000A51D6 /* Products */ = {
			isa = PBXGroup;
			children = (
				777EA0F92011B523000A51D6 /* StackOverflowQuestions.app */,
			);
			name = Products;
			sourceTree = "<group>";
		};
		777EA0FB2011B523000A51D6 /* StackOverflowQuestions */ = {
			isa = PBXGroup;
			children = (
				777EA1102011B54E000A51D6 /* Service */,
				777EA10E2011B541000A51D6 /* Models */,
				777EA10F2011B54A000A51D6 /* Views */,
				777EA0FC2011B523000A51D6 /* SOAppDelegate.swift */,
				777EA1112011B7F3000A51D6 /* SONavigationController.swift */,
				777EA12D20125454000A51D6 /* StringExtensions.swift */,
				777EA1032011B523000A51D6 /* Assets.xcassets */,
				777EA1052011B523000A51D6 /* LaunchScreen.storyboard */,
				777EA1082011B523000A51D6 /* Info.plist */,
			);
			path = StackOverflowQuestions;
			sourceTree = "<group>";
		};
		777EA10E2011B541000A51D6 /* Models */ = {
			isa = PBXGroup;
			children = (
				777EA1232011C7CC000A51D6 /* SOQuestionsResponse.swift */,
				777EA1252011C837000A51D6 /* SOQuestion.swift */,
				777EA1272011C9E0000A51D6 /* SOQuestionOwner.swift */,
			);
			path = Models;
			sourceTree = "<group>";
		};
		777EA10F2011B54A000A51D6 /* Views */ = {
			isa = PBXGroup;
			children = (
				777EA1172011B898000A51D6 /* SOQuestionsViewController.swift */,
				777EA1182011B898000A51D6 /* SOQuestionsViewController.xib */,
				777EA11B2011BD69000A51D6 /* CollectionView */,
				777EA11E2011BE18000A51D6 /* Cells */,
			);
			path = Views;
			sourceTree = "<group>";
		};
		777EA1102011B54E000A51D6 /* Service */ = {
			isa = PBXGroup;
			children = (
				777EA1292011CA8C000A51D6 /* SOService.swift */,
			);
			path = Service;
			sourceTree = "<group>";
		};
		777EA11B2011BD69000A51D6 /* CollectionView */ = {
			isa = PBXGroup;
			children = (
				777EA11C2011BD8F000A51D6 /* SOQuestionsCollectionView.swift */,
			);
			path = CollectionView;
			sourceTree = "<group>";
		};
		777EA11E2011BE18000A51D6 /* Cells */ = {
			isa = PBXGroup;
			children = (
				777EA11F2011BE2F000A51D6 /* SOQuestionCollectionViewCell.swift */,
				777EA1202011BE2F000A51D6 /* SOQuestionCollectionViewCell.xib */,
			);
			path = Cells;
			sourceTree = "<group>";
		};
		A3BEFB663AF1613085A3BEA1 /* Pods */ = {
			isa = PBXGroup;
			children = (
				2FEBB04FA9F7C04BB6D2E4D6 /* Pods-StackOverflowQuestions.debug.xcconfig */,
				CC714B7304EFAA4A98F17BEA /* Pods-StackOverflowQuestions.release.xcconfig */,
			);
			name = Pods;
			sourceTree = "<group>";
		};
/* End PBXGroup section */

/* Begin PBXNativeTarget section */
		777EA0F82011B523000A51D6 /* StackOverflowQuestions */ = {
			isa = PBXNativeTarget;
			buildConfigurationList = 777EA10B2011B523000A51D6 /* Build configuration list for PBXNativeTarget "StackOverflowQuestions" */;
			buildPhases = (
				D7703AC0F5125E7AB2E8B337 /* [CP] Check Pods Manifest.lock */,
				777EA0F52011B523000A51D6 /* Sources */,
				777EA0F62011B523000A51D6 /* Frameworks */,
				777EA0F72011B523000A51D6 /* Resources */,
				26A5368515C6AB5CA9F766FD /* [CP] Embed Pods Frameworks */,
				F40EE4A10C2C9C5BBF6C4536 /* [CP] Copy Pods Resources */,
			);
			buildRules = (
			);
			dependencies = (
			);
			name = StackOverflowQuestions;
			productName = StackOverflowQuestions;
			productReference = 777EA0F92011B523000A51D6 /* StackOverflowQuestions.app */;
			productType = "com.apple.product-type.application";
		};
/* End PBXNativeTarget section */

/* Begin PBXProject section */
		777EA0F12011B523000A51D6 /* Project object */ = {
			isa = PBXProject;
			attributes = {
				LastSwiftUpdateCheck = 0920;
				LastUpgradeCheck = 0920;
				ORGANIZATIONNAME = "Adam Ake";
				TargetAttributes = {
					777EA0F82011B523000A51D6 = {
						CreatedOnToolsVersion = 9.2;
						ProvisioningStyle = Automatic;
					};
				};
			};
			buildConfigurationList = 777EA0F42011B523000A51D6 /* Build configuration list for PBXProject "StackOverflowQuestions" */;
			compatibilityVersion = "Xcode 8.0";
			developmentRegion = en;
			hasScannedForEncodings = 0;
			knownRegions = (
				en,
				Base,
			);
			mainGroup = 777EA0F02011B523000A51D6;
			productRefGroup = 777EA0FA2011B523000A51D6 /* Products */;
			projectDirPath = "";
			projectRoot = "";
			targets = (
				777EA0F82011B523000A51D6 /* StackOverflowQuestions */,
			);
		};
/* End PBXProject section */

/* Begin PBXResourcesBuildPhase section */
		777EA0F72011B523000A51D6 /* Resources */ = {
			isa = PBXResourcesBuildPhase;
			buildActionMask = 2147483647;
			files = (
				777EA1222011BE2F000A51D6 /* SOQuestionCollectionViewCell.xib in Resources */,
				777EA1072011B523000A51D6 /* LaunchScreen.storyboard in Resources */,
				777EA12C2011CB18000A51D6 /* Podfile in Resources */,
				777EA1042011B523000A51D6 /* Assets.xcassets in Resources */,
				777EA11A2011B898000A51D6 /* SOQuestionsViewController.xib in Resources */,
			);
			runOnlyForDeploymentPostprocessing = 0;
		};
/* End PBXResourcesBuildPhase section */

/* Begin PBXShellScriptBuildPhase section */
		26A5368515C6AB5CA9F766FD /* [CP] Embed Pods Frameworks */ = {
			isa = PBXShellScriptBuildPhase;
			buildActionMask = 2147483647;
			files = (
			);
			inputPaths = (
				"${SRCROOT}/Pods/Target Support Files/Pods-StackOverflowQuestions/Pods-StackOverflowQuestions-frameworks.sh",
				"${BUILT_PRODUCTS_DIR}/Alamofire/Alamofire.framework",
				"${BUILT_PRODUCTS_DIR}/AlamofireImage/AlamofireImage.framework",
				"${BUILT_PRODUCTS_DIR}/PromiseKit/PromiseKit.framework",
			);
			name = "[CP] Embed Pods Frameworks";
			outputPaths = (
				"${TARGET_BUILD_DIR}/${FRAMEWORKS_FOLDER_PATH}/Alamofire.framework",
				"${TARGET_BUILD_DIR}/${FRAMEWORKS_FOLDER_PATH}/AlamofireImage.framework",
				"${TARGET_BUILD_DIR}/${FRAMEWORKS_FOLDER_PATH}/PromiseKit.framework",
			);
			runOnlyForDeploymentPostprocessing = 0;
			shellPath = /bin/sh;
			shellScript = "\"${SRCROOT}/Pods/Target Support Files/Pods-StackOverflowQuestions/Pods-StackOverflowQuestions-frameworks.sh\"\n";
			showEnvVarsInLog = 0;
		};
		D7703AC0F5125E7AB2E8B337 /* [CP] Check Pods Manifest.lock */ = {
			isa = PBXShellScriptBuildPhase;
			buildActionMask = 2147483647;
			files = (
			);
			inputPaths = (
				"${PODS_PODFILE_DIR_PATH}/Podfile.lock",
				"${PODS_ROOT}/Manifest.lock",
			);
			name = "[CP] Check Pods Manifest.lock";
			outputPaths = (
				"$(DERIVED_FILE_DIR)/Pods-StackOverflowQuestions-checkManifestLockResult.txt",
			);
			runOnlyForDeploymentPostprocessing = 0;
			shellPath = /bin/sh;
			shellScript = "diff \"${PODS_PODFILE_DIR_PATH}/Podfile.lock\" \"${PODS_ROOT}/Manifest.lock\" > /dev/null\nif [ $? != 0 ] ; then\n    # print error to STDERR\n    echo \"error: The sandbox is not in sync with the Podfile.lock. Run 'pod install' or update your CocoaPods installation.\" >&2\n    exit 1\nfi\n# This output is used by Xcode 'outputs' to avoid re-running this script phase.\necho \"SUCCESS\" > \"${SCRIPT_OUTPUT_FILE_0}\"\n";
			showEnvVarsInLog = 0;
		};
		F40EE4A10C2C9C5BBF6C4536 /* [CP] Copy Pods Resources */ = {
			isa = PBXShellScriptBuildPhase;
			buildActionMask = 2147483647;
			files = (
			);
			inputPaths = (
			);
			name = "[CP] Copy Pods Resources";
			outputPaths = (
			);
			runOnlyForDeploymentPostprocessing = 0;
			shellPath = /bin/sh;
			shellScript = "\"${SRCROOT}/Pods/Target Support Files/Pods-StackOverflowQuestions/Pods-StackOverflowQuestions-resources.sh\"\n";
			showEnvVarsInLog = 0;
		};
/* End PBXShellScriptBuildPhase section */

/* Begin PBXSourcesBuildPhase section */
		777EA0F52011B523000A51D6 /* Sources */ = {
			isa = PBXSourcesBuildPhase;
			buildActionMask = 2147483647;
			files = (
				777EA12A2011CA8C000A51D6 /* SOService.swift in Sources */,
				777EA1192011B898000A51D6 /* SOQuestionsViewController.swift in Sources */,
				777EA12E20125454000A51D6 /* StringExtensions.swift in Sources */,
				777EA0FD2011B523000A51D6 /* SOAppDelegate.swift in Sources */,
				777EA1262011C837000A51D6 /* SOQuestion.swift in Sources */,
				777EA11D2011BD8F000A51D6 /* SOQuestionsCollectionView.swift in Sources */,
				777EA1122011B7F3000A51D6 /* SONavigationController.swift in Sources */,
				777EA1282011C9E0000A51D6 /* SOQuestionOwner.swift in Sources */,
				777EA1242011C7CC000A51D6 /* SOQuestionsResponse.swift in Sources */,
				777EA1212011BE2F000A51D6 /* SOQuestionCollectionViewCell.swift in Sources */,
			);
			runOnlyForDeploymentPostprocessing = 0;
		};
/* End PBXSourcesBuildPhase section */

/* Begin PBXVariantGroup section */
		777EA1052011B523000A51D6 /* LaunchScreen.storyboard */ = {
			isa = PBXVariantGroup;
			children = (
				777EA1062011B523000A51D6 /* Base */,
			);
			name = LaunchScreen.storyboard;
			sourceTree = "<group>";
		};
/* End PBXVariantGroup section */

/* Begin XCBuildConfiguration section */
		777EA1092011B523000A51D6 /* Debug */ = {
			isa = XCBuildConfiguration;
			buildSettings = {
				ALWAYS_SEARCH_USER_PATHS = NO;
				CLANG_ANALYZER_NONNULL = YES;
				CLANG_ANALYZER_NUMBER_OBJECT_CONVERSION = YES_AGGRESSIVE;
				CLANG_CXX_LANGUAGE_STANDARD = "gnu++14";
				CLANG_CXX_LIBRARY = "libc++";
				CLANG_ENABLE_MODULES = YES;
				CLANG_ENABLE_OBJC_ARC = YES;
				CLANG_WARN_BLOCK_CAPTURE_AUTORELEASING = YES;
				CLANG_WARN_BOOL_CONVERSION = YES;
				CLANG_WARN_COMMA = YES;
				CLANG_WARN_CONSTANT_CONVERSION = YES;
				CLANG_WARN_DIRECT_OBJC_ISA_USAGE = YES_ERROR;
				CLANG_WARN_DOCUMENTATION_COMMENTS = YES;
				CLANG_WARN_EMPTY_BODY = YES;
				CLANG_WARN_ENUM_CONVERSION = YES;
				CLANG_WARN_INFINITE_RECURSION = YES;
				CLANG_WARN_INT_CONVERSION = YES;
				CLANG_WARN_NON_LITERAL_NULL_CONVERSION = YES;
				CLANG_WARN_OBJC_LITERAL_CONVERSION = YES;
				CLANG_WARN_OBJC_ROOT_CLASS = YES_ERROR;
				CLANG_WARN_RANGE_LOOP_ANALYSIS = YES;
				CLANG_WARN_STRICT_PROTOTYPES = YES;
				CLANG_WARN_SUSPICIOUS_MOVE = YES;
				CLANG_WARN_UNGUARDED_AVAILABILITY = YES_AGGRESSIVE;
				CLANG_WARN_UNREACHABLE_CODE = YES;
				CLANG_WARN__DUPLICATE_METHOD_MATCH = YES;
				CODE_SIGN_IDENTITY = "iPhone Developer";
				COPY_PHASE_STRIP = NO;
				DEBUG_INFORMATION_FORMAT = dwarf;
				ENABLE_STRICT_OBJC_MSGSEND = YES;
				ENABLE_TESTABILITY = YES;
				GCC_C_LANGUAGE_STANDARD = gnu11;
				GCC_DYNAMIC_NO_PIC = NO;
				GCC_NO_COMMON_BLOCKS = YES;
				GCC_OPTIMIZATION_LEVEL = 0;
				GCC_PREPROCESSOR_DEFINITIONS = (
					"DEBUG=1",
					"$(inherited)",
				);
				GCC_WARN_64_TO_32_BIT_CONVERSION = YES;
				GCC_WARN_ABOUT_RETURN_TYPE = YES_ERROR;
				GCC_WARN_UNDECLARED_SELECTOR = YES;
				GCC_WARN_UNINITIALIZED_AUTOS = YES_AGGRESSIVE;
				GCC_WARN_UNUSED_FUNCTION = YES;
				GCC_WARN_UNUSED_VARIABLE = YES;
				IPHONEOS_DEPLOYMENT_TARGET = 11.2;
				MTL_ENABLE_DEBUG_INFO = YES;
				ONLY_ACTIVE_ARCH = YES;
				SDKROOT = iphoneos;
				SWIFT_ACTIVE_COMPILATION_CONDITIONS = DEBUG;
				SWIFT_OPTIMIZATION_LEVEL = "-Onone";
			};
			name = Debug;
		};
		777EA10A2011B523000A51D6 /* Release */ = {
			isa = XCBuildConfiguration;
			buildSettings = {
				ALWAYS_SEARCH_USER_PATHS = NO;
				CLANG_ANALYZER_NONNULL = YES;
				CLANG_ANALYZER_NUMBER_OBJECT_CONVERSION = YES_AGGRESSIVE;
				CLANG_CXX_LANGUAGE_STANDARD = "gnu++14";
				CLANG_CXX_LIBRARY = "libc++";
				CLANG_ENABLE_MODULES = YES;
				CLANG_ENABLE_OBJC_ARC = YES;
				CLANG_WARN_BLOCK_CAPTURE_AUTORELEASING = YES;
				CLANG_WARN_BOOL_CONVERSION = YES;
				CLANG_WARN_COMMA = YES;
				CLANG_WARN_CONSTANT_CONVERSION = YES;
				CLANG_WARN_DIRECT_OBJC_ISA_USAGE = YES_ERROR;
				CLANG_WARN_DOCUMENTATION_COMMENTS = YES;
				CLANG_WARN_EMPTY_BODY = YES;
				CLANG_WARN_ENUM_CONVERSION = YES;
				CLANG_WARN_INFINITE_RECURSION = YES;
				CLANG_WARN_INT_CONVERSION = YES;
				CLANG_WARN_NON_LITERAL_NULL_CONVERSION = YES;
				CLANG_WARN_OBJC_LITERAL_CONVERSION = YES;
				CLANG_WARN_OBJC_ROOT_CLASS = YES_ERROR;
				CLANG_WARN_RANGE_LOOP_ANALYSIS = YES;
				CLANG_WARN_STRICT_PROTOTYPES = YES;
				CLANG_WARN_SUSPICIOUS_MOVE = YES;
				CLANG_WARN_UNGUARDED_AVAILABILITY = YES_AGGRESSIVE;
				CLANG_WARN_UNREACHABLE_CODE = YES;
				CLANG_WARN__DUPLICATE_METHOD_MATCH = YES;
				CODE_SIGN_IDENTITY = "iPhone Developer";
				COPY_PHASE_STRIP = NO;
				DEBUG_INFORMATION_FORMAT = "dwarf-with-dsym";
				ENABLE_NS_ASSERTIONS = NO;
				ENABLE_STRICT_OBJC_MSGSEND = YES;
				GCC_C_LANGUAGE_STANDARD = gnu11;
				GCC_NO_COMMON_BLOCKS = YES;
				GCC_WARN_64_TO_32_BIT_CONVERSION = YES;
				GCC_WARN_ABOUT_RETURN_TYPE = YES_ERROR;
				GCC_WARN_UNDECLARED_SELECTOR = YES;
				GCC_WARN_UNINITIALIZED_AUTOS = YES_AGGRESSIVE;
				GCC_WARN_UNUSED_FUNCTION = YES;
				GCC_WARN_UNUSED_VARIABLE = YES;
				IPHONEOS_DEPLOYMENT_TARGET = 11.2;
				MTL_ENABLE_DEBUG_INFO = NO;
				SDKROOT = iphoneos;
				SWIFT_OPTIMIZATION_LEVEL = "-Owholemodule";
				VALIDATE_PRODUCT = YES;
			};
			name = Release;
		};
		777EA10C2011B523000A51D6 /* Debug */ = {
			isa = XCBuildConfiguration;
			baseConfigurationReference = 2FEBB04FA9F7C04BB6D2E4D6 /* Pods-StackOverflowQuestions.debug.xcconfig */;
			buildSettings = {
				ASSETCATALOG_COMPILER_APPICON_NAME = AppIcon;
				CODE_SIGN_STYLE = Automatic;
				DEVELOPMENT_TEAM = UJB5AHZ8FR;
				INFOPLIST_FILE = StackOverflowQuestions/Info.plist;
				IPHONEOS_DEPLOYMENT_TARGET = 11.0;
				LD_RUNPATH_SEARCH_PATHS = "$(inherited) @executable_path/Frameworks";
				PRODUCT_BUNDLE_IDENTIFIER = AdamAke.StackOverflowQuestions;
				PRODUCT_NAME = "$(TARGET_NAME)";
				SWIFT_VERSION = 4.0;
				TARGETED_DEVICE_FAMILY = 1;
			};
			name = Debug;
		};
		777EA10D2011B523000A51D6 /* Release */ = {
			isa = XCBuildConfiguration;
			baseConfigurationReference = CC714B7304EFAA4A98F17BEA /* Pods-StackOverflowQuestions.release.xcconfig */;
			buildSettings = {
				ASSETCATALOG_COMPILER_APPICON_NAME = AppIcon;
				CODE_SIGN_STYLE = Automatic;
				DEVELOPMENT_TEAM = UJB5AHZ8FR;
				INFOPLIST_FILE = StackOverflowQuestions/Info.plist;
				IPHONEOS_DEPLOYMENT_TARGET = 11.0;
				LD_RUNPATH_SEARCH_PATHS = "$(inherited) @executable_path/Frameworks";
				PRODUCT_BUNDLE_IDENTIFIER = AdamAke.StackOverflowQuestions;
				PRODUCT_NAME = "$(TARGET_NAME)";
				SWIFT_VERSION = 4.0;
				TARGETED_DEVICE_FAMILY = 1;
			};
			name = Release;
		};
/* End XCBuildConfiguration section */

/* Begin XCConfigurationList section */
		777EA0F42011B523000A51D6 /* Build configuration list for PBXProject "StackOverflowQuestions" */ = {
			isa = XCConfigurationList;
			buildConfigurations = (
				777EA1092011B523000A51D6 /* Debug */,
				777EA10A2011B523000A51D6 /* Release */,
			);
			defaultConfigurationIsVisible = 0;
			defaultConfigurationName = Release;
		};
		777EA10B2011B523000A51D6 /* Build configuration list for PBXNativeTarget "StackOverflowQuestions" */ = {
			isa = XCConfigurationList;
			buildConfigurations = (
				777EA10C2011B523000A51D6 /* Debug */,
				777EA10D2011B523000A51D6 /* Release */,
			);
			defaultConfigurationIsVisible = 0;
			defaultConfigurationName = Release;
		};
/* End XCConfigurationList section */
	};
	rootObject = 777EA0F12011B523000A51D6 /* Project object */;
}
